
Microsoft Visual Studio Solution File, Format Version 12.00
# Visual Studio Version 17
VisualStudioVersion = 17.0.31903.59
MinimumVisualStudioVersion = 10.0.40219.1
Project("{FAE04EC0-301F-11D3-BF4B-00C04F79EFBC}") = "SmartVac.Api", "SmartVac.Api\SmartVac.Api.csproj", "{01352869-AC2D-4A7E-B567-2DA595487D4D}"
EndProject
Project("{FAE04EC0-301F-11D3-BF4B-00C04F79EFBC}") = "SmartVac.Test", "SmartVac.Test\SmartVac.Test.csproj", "{C9648247-ED7B-4E16-A376-A23D83620C55}"
EndProject
Project("{FAE04EC0-301F-11D3-BF4B-00C04F79EFBC}") = "SmartVac.Service", "SmartVac.Service\SmartVac.Service.csproj", "{66F93AD4-3FE7-4B3B-A7CC-0A8C790349C0}"
EndProject
Global
	GlobalSection(SolutionConfigurationPlatforms) = preSolution
		Debug|Any CPU = Debug|Any CPU
		Release|Any CPU = Release|Any CPU
	EndGlobalSection
	GlobalSection(SolutionProperties) = preSolution
		HideSolutionNode = FALSE
	EndGlobalSection
	GlobalSection(ProjectConfigurationPlatforms) = postSolution
		{01352869-AC2D-4A7E-B567-2DA595487D4D}.Debug|Any CPU.ActiveCfg = Debug|Any CPU
		{01352869-AC2D-4A7E-B567-2DA595487D4D}.Debug|Any CPU.Build.0 = Debug|Any CPU
		{01352869-AC2D-4A7E-B567-2DA595487D4D}.Release|Any CPU.ActiveCfg = Release|Any CPU
		{01352869-AC2D-4A7E-B567-2DA595487D4D}.Release|Any CPU.Build.0 = Release|Any CPU
		{C9648247-ED7B-4E16-A376-A23D83620C55}.Debug|Any CPU.ActiveCfg = Debug|Any CPU
		{C9648247-ED7B-4E16-A376-A23D83620C55}.Debug|Any CPU.Build.0 = Debug|Any CPU
		{C9648247-ED7B-4E16-A376-A23D83620C55}.Release|Any CPU.ActiveCfg = Release|Any CPU
		{C9648247-ED7B-4E16-A376-A23D83620C55}.Release|Any CPU.Build.0 = Release|Any CPU
		{66F93AD4-3FE7-4B3B-A7CC-0A8C790349C0}.Debug|Any CPU.ActiveCfg = Debug|Any CPU
		{66F93AD4-3FE7-4B3B-A7CC-0A8C790349C0}.Debug|Any CPU.Build.0 = Debug|Any CPU
		{66F93AD4-3FE7-4B3B-A7CC-0A8C790349C0}.Release|Any CPU.ActiveCfg = Release|Any CPU
		{66F93AD4-3FE7-4B3B-A7CC-0A8C790349C0}.Release|Any CPU.Build.0 = Release|Any CPU
	EndGlobalSection
EndGlobal
